
Microsoft Visual Studio Solution File, Format Version 12.00
# Visual Studio Express 2013 for Windows Desktop
VisualStudioVersion = 12.0.30723.0
MinimumVisualStudioVersion = 10.0.40219.1
Project("{FAE04EC0-301F-11D3-BF4B-00C04F79EFBC}") = "ZombiesMustDie", "WindowsGame2\WindowsGame2\ZombiesMustDie.csproj", "{D846934F-3D4A-446B-8601-DB5DBC30081A}"
EndProject
Project("{FAE04EC0-301F-11D3-BF4B-00C04F79EFBC}") = "ZombiesMustDieContent", "WindowsGame2\WindowsGame2Content\ZombiesMustDieContent.contentproj", "{0D51A482-842D-441F-9917-A5C78BECD751}"
EndProject
Global
	GlobalSection(SolutionConfigurationPlatforms) = preSolution
		Debug|x86 = Debug|x86
		Release|x86 = Release|x86
	EndGlobalSection
	GlobalSection(ProjectConfigurationPlatforms) = postSolution
		{D846934F-3D4A-446B-8601-DB5DBC30081A}.Debug|x86.ActiveCfg = Debug|x86
		{D846934F-3D4A-446B-8601-DB5DBC30081A}.Debug|x86.Build.0 = Debug|x86
		{D846934F-3D4A-446B-8601-DB5DBC30081A}.Release|x86.ActiveCfg = Release|x86
		{D846934F-3D4A-446B-8601-DB5DBC30081A}.Release|x86.Build.0 = Release|x86
		{0D51A482-842D-441F-9917-A5C78BECD751}.Debug|x86.ActiveCfg = Debug|x86
		{0D51A482-842D-441F-9917-A5C78BECD751}.Release|x86.ActiveCfg = Release|x86
	EndGlobalSection
	GlobalSection(SolutionProperties) = preSolution
		HideSolutionNode = FALSE
	EndGlobalSection
EndGlobal
